
Microsoft Visual Studio Solution File, Format Version 12.00
# Visual Studio Version 16
VisualStudioVersion = 16.0.30204.135
MinimumVisualStudioVersion = 10.0.40219.1
Project("{FAE04EC0-301F-11D3-BF4B-00C04F79EFBC}") = "WebApiOrder", "WebApiOrder\WebApiOrder.csproj", "{9F513C53-A17A-41DE-B438-A4BD6090A100}"
EndProject
Global
	GlobalSection(SolutionConfigurationPlatforms) = preSolution
		Debug|Any CPU = Debug|Any CPU
		Release|Any CPU = Release|Any CPU
	EndGlobalSection
	GlobalSection(ProjectConfigurationPlatforms) = postSolution
		{9F513C53-A17A-41DE-B438-A4BD6090A100}.Debug|Any CPU.ActiveCfg = Debug|Any CPU
		{9F513C53-A17A-41DE-B438-A4BD6090A100}.Debug|Any CPU.Build.0 = Debug|Any CPU
		{9F513C53-A17A-41DE-B438-A4BD6090A100}.Release|Any CPU.ActiveCfg = Release|Any CPU
		{9F513C53-A17A-41DE-B438-A4BD6090A100}.Release|Any CPU.Build.0 = Release|Any CPU
	EndGlobalSection
	GlobalSection(SolutionProperties) = preSolution
		HideSolutionNode = FALSE
	EndGlobalSection
	GlobalSection(ExtensibilityGlobals) = postSolution
		SolutionGuid = {EED47778-5ABC-4BD6-B7D2-072AF9CF3FF7}
	EndGlobalSection
EndGlobal
